
Microsoft Visual Studio Solution File, Format Version 12.00
# Visual Studio 2012
Project("{FAE04EC0-301F-11D3-BF4B-00C04F79EFBC}") = "ObservablesImplApp", "ConsoleApplication2\ObservablesImplApp.csproj", "{F33C0D29-FA3A-44ED-8999-AB1AAA4E52F6}"
EndProject
Project("{FAE04EC0-301F-11D3-BF4B-00C04F79EFBC}") = "DoApp", "DoApp\DoApp.csproj", "{F17D3F00-C8D1-410C-8FD3-B977AB8C5597}"
EndProject
Project("{FAE04EC0-301F-11D3-BF4B-00C04F79EFBC}") = "ObserveOnSubscribeOnApp", "ObserveOnSubscribeOnApp\ObserveOnSubscribeOnApp.csproj", "{3239B255-80B5-47DD-94B3-F58F454FF8F6}"
EndProject
Project("{FAE04EC0-301F-11D3-BF4B-00C04F79EFBC}") = "MyRxTestsApp", "MyRxTestsApp\MyRxTestsApp.csproj", "{E6691C4E-3B3B-428E-8459-F816EE844516}"
EndProject
Global
	GlobalSection(SolutionConfigurationPlatforms) = preSolution
		Debug|Any CPU = Debug|Any CPU
		Release|Any CPU = Release|Any CPU
	EndGlobalSection
	GlobalSection(ProjectConfigurationPlatforms) = postSolution
		{F33C0D29-FA3A-44ED-8999-AB1AAA4E52F6}.Debug|Any CPU.ActiveCfg = Debug|Any CPU
		{F33C0D29-FA3A-44ED-8999-AB1AAA4E52F6}.Debug|Any CPU.Build.0 = Debug|Any CPU
		{F33C0D29-FA3A-44ED-8999-AB1AAA4E52F6}.Release|Any CPU.ActiveCfg = Release|Any CPU
		{F33C0D29-FA3A-44ED-8999-AB1AAA4E52F6}.Release|Any CPU.Build.0 = Release|Any CPU
		{F17D3F00-C8D1-410C-8FD3-B977AB8C5597}.Debug|Any CPU.ActiveCfg = Debug|Any CPU
		{F17D3F00-C8D1-410C-8FD3-B977AB8C5597}.Debug|Any CPU.Build.0 = Debug|Any CPU
		{F17D3F00-C8D1-410C-8FD3-B977AB8C5597}.Release|Any CPU.ActiveCfg = Release|Any CPU
		{F17D3F00-C8D1-410C-8FD3-B977AB8C5597}.Release|Any CPU.Build.0 = Release|Any CPU
		{3239B255-80B5-47DD-94B3-F58F454FF8F6}.Debug|Any CPU.ActiveCfg = Debug|Any CPU
		{3239B255-80B5-47DD-94B3-F58F454FF8F6}.Debug|Any CPU.Build.0 = Debug|Any CPU
		{3239B255-80B5-47DD-94B3-F58F454FF8F6}.Release|Any CPU.ActiveCfg = Release|Any CPU
		{3239B255-80B5-47DD-94B3-F58F454FF8F6}.Release|Any CPU.Build.0 = Release|Any CPU
		{E6691C4E-3B3B-428E-8459-F816EE844516}.Debug|Any CPU.ActiveCfg = Debug|Any CPU
		{E6691C4E-3B3B-428E-8459-F816EE844516}.Debug|Any CPU.Build.0 = Debug|Any CPU
		{E6691C4E-3B3B-428E-8459-F816EE844516}.Release|Any CPU.ActiveCfg = Release|Any CPU
		{E6691C4E-3B3B-428E-8459-F816EE844516}.Release|Any CPU.Build.0 = Release|Any CPU
	EndGlobalSection
	GlobalSection(SolutionProperties) = preSolution
		HideSolutionNode = FALSE
	EndGlobalSection
EndGlobal
